// !$*UTF8*$!
{
	archiveVersion = 1;
	classes = {
	};
	objectVersion = 77;
	objects = {

/* Begin PBXBuildFile section */
		FB38729A2D329F8F006AF06F /* Alamofire in Frameworks */ = {isa = PBXBuildFile; productRef = FB3872992D329F8F006AF06F /* Alamofire */; };
		FB6DC2632D3AEF3E00A39DB3 /* CachedAsyncImage in Frameworks */ = {isa = PBXBuildFile; productRef = FB6DC2622D3AEF3E00A39DB3 /* CachedAsyncImage */; };
		FBC660482D4186C0008341B1 /* SwiftEntryKit in Frameworks */ = {isa = PBXBuildFile; productRef = FBC660472D4186C0008341B1 /* SwiftEntryKit */; };
		FBC6604E2D421342008341B1 /* Vortex in Frameworks */ = {isa = PBXBuildFile; productRef = FBC6604D2D421342008341B1 /* Vortex */; };
/* End PBXBuildFile section */

/* Begin PBXContainerItemProxy section */
		FB38724A2D3288C1006AF06F /* PBXContainerItemProxy */ = {
			isa = PBXContainerItemProxy;
			containerPortal = FB38722F2D3288BF006AF06F /* Project object */;
			proxyType = 1;
			remoteGlobalIDString = FB3872362D3288BF006AF06F;
			remoteInfo = Nacho;
		};
/* End PBXContainerItemProxy section */

/* Begin PBXFileReference section */
		FB3872372D3288BF006AF06F /* NachoIos.app */ = {isa = PBXFileReference; explicitFileType = wrapper.application; includeInIndex = 0; path = NachoIos.app; sourceTree = BUILT_PRODUCTS_DIR; };
		FB3872492D3288C1006AF06F /* NachoTests.xctest */ = {isa = PBXFileReference; explicitFileType = wrapper.cfbundle; includeInIndex = 0; path = NachoTests.xctest; sourceTree = BUILT_PRODUCTS_DIR; };
/* End PBXFileReference section */

/* Begin PBXFileSystemSynchronizedRootGroup section */
		FB3872392D3288BF006AF06F /* Nacho */ = {
			isa = PBXFileSystemSynchronizedRootGroup;
			path = Nacho;
			sourceTree = "<group>";
		};
		FB38724C2D3288C1006AF06F /* NachoTests */ = {
			isa = PBXFileSystemSynchronizedRootGroup;
			path = NachoTests;
			sourceTree = "<group>";
		};
/* End PBXFileSystemSynchronizedRootGroup section */

/* Begin PBXFrameworksBuildPhase section */
		FB3872342D3288BF006AF06F /* Frameworks */ = {
			isa = PBXFrameworksBuildPhase;
			buildActionMask = 2147483647;
			files = (
				FB38729A2D329F8F006AF06F /* Alamofire in Frameworks */,
				FB6DC2632D3AEF3E00A39DB3 /* CachedAsyncImage in Frameworks */,
				FBC6604E2D421342008341B1 /* Vortex in Frameworks */,
				FBC660482D4186C0008341B1 /* SwiftEntryKit in Frameworks */,
			);
			runOnlyForDeploymentPostprocessing = 0;
		};
		FB3872462D3288C1006AF06F /* Frameworks */ = {
			isa = PBXFrameworksBuildPhase;
			buildActionMask = 2147483647;
			files = (
			);
			runOnlyForDeploymentPostprocessing = 0;
		};
/* End PBXFrameworksBuildPhase section */

/* Begin PBXGroup section */
		FB38722E2D3288BF006AF06F = {
			isa = PBXGroup;
			children = (
				FB3872392D3288BF006AF06F /* Nacho */,
				FB38724C2D3288C1006AF06F /* NachoTests */,
				FB3872982D329F8F006AF06F /* Frameworks */,
				FB3872382D3288BF006AF06F /* Products */,
			);
			sourceTree = "<group>";
		};
		FB3872382D3288BF006AF06F /* Products */ = {
			isa = PBXGroup;
			children = (
				FB3872372D3288BF006AF06F /* NachoIos.app */,
				FB3872492D3288C1006AF06F /* NachoTests.xctest */,
			);
			name = Products;
			sourceTree = "<group>";
		};
		FB3872982D329F8F006AF06F /* Frameworks */ = {
			isa = PBXGroup;
			children = (
			);
			name = Frameworks;
			sourceTree = "<group>";
		};
/* End PBXGroup section */

/* Begin PBXNativeTarget section */
		FB3872362D3288BF006AF06F /* Nacho */ = {
			isa = PBXNativeTarget;
			buildConfigurationList = FB38725D2D3288C1006AF06F /* Build configuration list for PBXNativeTarget "Nacho" */;
			buildPhases = (
				FB3872332D3288BF006AF06F /* Sources */,
				FB3872342D3288BF006AF06F /* Frameworks */,
				FB3872352D3288BF006AF06F /* Resources */,
			);
			buildRules = (
			);
			dependencies = (
			);
			fileSystemSynchronizedGroups = (
				FB3872392D3288BF006AF06F /* Nacho */,
			);
			name = Nacho;
			packageProductDependencies = (
				FB3872992D329F8F006AF06F /* Alamofire */,
				FB6DC2622D3AEF3E00A39DB3 /* CachedAsyncImage */,
				FBC660472D4186C0008341B1 /* SwiftEntryKit */,
				FBC6604D2D421342008341B1 /* Vortex */,
			);
			productName = Nacho;
			productReference = FB3872372D3288BF006AF06F /* NachoIos.app */;
			productType = "com.apple.product-type.application";
		};
		FB3872482D3288C1006AF06F /* NachoTests */ = {
			isa = PBXNativeTarget;
			buildConfigurationList = FB3872602D3288C1006AF06F /* Build configuration list for PBXNativeTarget "NachoTests" */;
			buildPhases = (
				FB3872452D3288C1006AF06F /* Sources */,
				FB3872462D3288C1006AF06F /* Frameworks */,
				FB3872472D3288C1006AF06F /* Resources */,
			);
			buildRules = (
			);
			dependencies = (
				FB38724B2D3288C1006AF06F /* PBXTargetDependency */,
			);
			fileSystemSynchronizedGroups = (
				FB38724C2D3288C1006AF06F /* NachoTests */,
			);
			name = NachoTests;
			packageProductDependencies = (
			);
			productName = NachoTests;
			productReference = FB3872492D3288C1006AF06F /* NachoTests.xctest */;
			productType = "com.apple.product-type.bundle.unit-test";
		};
/* End PBXNativeTarget section */

/* Begin PBXProject section */
		FB38722F2D3288BF006AF06F /* Project object */ = {
			isa = PBXProject;
			attributes = {
				BuildIndependentTargetsInParallel = 1;
				LastSwiftUpdateCheck = 1620;
				LastUpgradeCheck = 1620;
				TargetAttributes = {
					FB3872362D3288BF006AF06F = {
						CreatedOnToolsVersion = 16.2;
					};
					FB3872482D3288C1006AF06F = {
						CreatedOnToolsVersion = 16.2;
						TestTargetID = FB3872362D3288BF006AF06F;
					};
				};
			};
			buildConfigurationList = FB3872322D3288BF006AF06F /* Build configuration list for PBXProject "Nacho" */;
			developmentRegion = en;
			hasScannedForEncodings = 0;
			knownRegions = (
				en,
				Base,
			);
			mainGroup = FB38722E2D3288BF006AF06F;
			minimizedProjectReferenceProxies = 1;
			packageReferences = (
				FB3872922D329F20006AF06F /* XCRemoteSwiftPackageReference "Alamofire" */,
				FB6DC2612D3AEE8F00A39DB3 /* XCRemoteSwiftPackageReference "swiftui-cached-async-image" */,
				FBC660462D4186B9008341B1 /* XCRemoteSwiftPackageReference "SwiftEntryKit" */,
				FBC6604C2D421337008341B1 /* XCRemoteSwiftPackageReference "Vortex" */,
			);
			preferredProjectObjectVersion = 77;
			productRefGroup = FB3872382D3288BF006AF06F /* Products */;
			projectDirPath = "";
			projectRoot = "";
			targets = (
				FB3872362D3288BF006AF06F /* Nacho */,
				FB3872482D3288C1006AF06F /* NachoTests */,
			);
		};
/* End PBXProject section */

/* Begin PBXResourcesBuildPhase section */
		FB3872352D3288BF006AF06F /* Resources */ = {
			isa = PBXResourcesBuildPhase;
			buildActionMask = 2147483647;
			files = (
			);
			runOnlyForDeploymentPostprocessing = 0;
		};
		FB3872472D3288C1006AF06F /* Resources */ = {
			isa = PBXResourcesBuildPhase;
			buildActionMask = 2147483647;
			files = (
			);
			runOnlyForDeploymentPostprocessing = 0;
		};
/* End PBXResourcesBuildPhase section */

/* Begin PBXSourcesBuildPhase section */
		FB3872332D3288BF006AF06F /* Sources */ = {
			isa = PBXSourcesBuildPhase;
			buildActionMask = 2147483647;
			files = (
			);
			runOnlyForDeploymentPostprocessing = 0;
		};
		FB3872452D3288C1006AF06F /* Sources */ = {
			isa = PBXSourcesBuildPhase;
			buildActionMask = 2147483647;
			files = (
			);
			runOnlyForDeploymentPostprocessing = 0;
		};
/* End PBXSourcesBuildPhase section */

/* Begin PBXTargetDependency section */
		FB38724B2D3288C1006AF06F /* PBXTargetDependency */ = {
			isa = PBXTargetDependency;
			target = FB3872362D3288BF006AF06F /* Nacho */;
			targetProxy = FB38724A2D3288C1006AF06F /* PBXContainerItemProxy */;
		};
/* End PBXTargetDependency section */

/* Begin XCBuildConfiguration section */
		FB38725B2D3288C1006AF06F /* Debug */ = {
			isa = XCBuildConfiguration;
			buildSettings = {
				ALWAYS_SEARCH_USER_PATHS = NO;
				ASSETCATALOG_COMPILER_GENERATE_SWIFT_ASSET_SYMBOL_EXTENSIONS = YES;
				CLANG_ANALYZER_NONNULL = YES;
				CLANG_ANALYZER_NUMBER_OBJECT_CONVERSION = YES_AGGRESSIVE;
				CLANG_CXX_LANGUAGE_STANDARD = "gnu++20";
				CLANG_ENABLE_MODULES = YES;
				CLANG_ENABLE_OBJC_ARC = YES;
				CLANG_ENABLE_OBJC_WEAK = YES;
				CLANG_WARN_BLOCK_CAPTURE_AUTORELEASING = YES;
				CLANG_WARN_BOOL_CONVERSION = YES;
				CLANG_WARN_COMMA = YES;
				CLANG_WARN_CONSTANT_CONVERSION = YES;
				CLANG_WARN_DEPRECATED_OBJC_IMPLEMENTATIONS = YES;
				CLANG_WARN_DIRECT_OBJC_ISA_USAGE = YES_ERROR;
				CLANG_WARN_DOCUMENTATION_COMMENTS = YES;
				CLANG_WARN_EMPTY_BODY = YES;
				CLANG_WARN_ENUM_CONVERSION = YES;
				CLANG_WARN_INFINITE_RECURSION = YES;
				CLANG_WARN_INT_CONVERSION = YES;
				CLANG_WARN_NON_LITERAL_NULL_CONVERSION = YES;
				CLANG_WARN_OBJC_IMPLICIT_RETAIN_SELF = YES;
				CLANG_WARN_OBJC_LITERAL_CONVERSION = YES;
				CLANG_WARN_OBJC_ROOT_CLASS = YES_ERROR;
				CLANG_WARN_QUOTED_INCLUDE_IN_FRAMEWORK_HEADER = YES;
				CLANG_WARN_RANGE_LOOP_ANALYSIS = YES;
				CLANG_WARN_STRICT_PROTOTYPES = YES;
				CLANG_WARN_SUSPICIOUS_MOVE = YES;
				CLANG_WARN_UNGUARDED_AVAILABILITY = YES_AGGRESSIVE;
				CLANG_WARN_UNREACHABLE_CODE = YES;
				CLANG_WARN__DUPLICATE_METHOD_MATCH = YES;
				COPY_PHASE_STRIP = NO;
				DEBUG_INFORMATION_FORMAT = dwarf;
				ENABLE_STRICT_OBJC_MSGSEND = YES;
				ENABLE_TESTABILITY = YES;
				ENABLE_USER_SCRIPT_SANDBOXING = YES;
				GCC_C_LANGUAGE_STANDARD = gnu17;
				GCC_DYNAMIC_NO_PIC = NO;
				GCC_NO_COMMON_BLOCKS = YES;
				GCC_OPTIMIZATION_LEVEL = 0;
				GCC_PREPROCESSOR_DEFINITIONS = (
					"DEBUG=1",
					"$(inherited)",
				);
				GCC_WARN_64_TO_32_BIT_CONVERSION = YES;
				GCC_WARN_ABOUT_RETURN_TYPE = YES_ERROR;
				GCC_WARN_UNDECLARED_SELECTOR = YES;
				GCC_WARN_UNINITIALIZED_AUTOS = YES_AGGRESSIVE;
				GCC_WARN_UNUSED_FUNCTION = YES;
				GCC_WARN_UNUSED_VARIABLE = YES;
				IPHONEOS_DEPLOYMENT_TARGET = 18.2;
				LOCALIZATION_PREFERS_STRING_CATALOGS = YES;
				MTL_ENABLE_DEBUG_INFO = INCLUDE_SOURCE;
				MTL_FAST_MATH = YES;
				ONLY_ACTIVE_ARCH = YES;
				SDKROOT = iphoneos;
				SWIFT_ACTIVE_COMPILATION_CONDITIONS = "DEBUG $(inherited)";
				SWIFT_OPTIMIZATION_LEVEL = "-Onone";
			};
			name = Debug;
		};
		FB38725C2D3288C1006AF06F /* Release */ = {
			isa = XCBuildConfiguration;
			buildSettings = {
				ALWAYS_SEARCH_USER_PATHS = NO;
				ASSETCATALOG_COMPILER_GENERATE_SWIFT_ASSET_SYMBOL_EXTENSIONS = YES;
				CLANG_ANALYZER_NONNULL = YES;
				CLANG_ANALYZER_NUMBER_OBJECT_CONVERSION = YES_AGGRESSIVE;
				CLANG_CXX_LANGUAGE_STANDARD = "gnu++20";
				CLANG_ENABLE_MODULES = YES;
				CLANG_ENABLE_OBJC_ARC = YES;
				CLANG_ENABLE_OBJC_WEAK = YES;
				CLANG_WARN_BLOCK_CAPTURE_AUTORELEASING = YES;
				CLANG_WARN_BOOL_CONVERSION = YES;
				CLANG_WARN_COMMA = YES;
				CLANG_WARN_CONSTANT_CONVERSION = YES;
				CLANG_WARN_DEPRECATED_OBJC_IMPLEMENTATIONS = YES;
				CLANG_WARN_DIRECT_OBJC_ISA_USAGE = YES_ERROR;
				CLANG_WARN_DOCUMENTATION_COMMENTS = YES;
				CLANG_WARN_EMPTY_BODY = YES;
				CLANG_WARN_ENUM_CONVERSION = YES;
				CLANG_WARN_INFINITE_RECURSION = YES;
				CLANG_WARN_INT_CONVERSION = YES;
				CLANG_WARN_NON_LITERAL_NULL_CONVERSION = YES;
				CLANG_WARN_OBJC_IMPLICIT_RETAIN_SELF = YES;
				CLANG_WARN_OBJC_LITERAL_CONVERSION = YES;
				CLANG_WARN_OBJC_ROOT_CLASS = YES_ERROR;
				CLANG_WARN_QUOTED_INCLUDE_IN_FRAMEWORK_HEADER = YES;
				CLANG_WARN_RANGE_LOOP_ANALYSIS = YES;
				CLANG_WARN_STRICT_PROTOTYPES = YES;
				CLANG_WARN_SUSPICIOUS_MOVE = YES;
				CLANG_WARN_UNGUARDED_AVAILABILITY = YES_AGGRESSIVE;
				CLANG_WARN_UNREACHABLE_CODE = YES;
				CLANG_WARN__DUPLICATE_METHOD_MATCH = YES;
				COPY_PHASE_STRIP = NO;
				DEBUG_INFORMATION_FORMAT = "dwarf-with-dsym";
				ENABLE_NS_ASSERTIONS = NO;
				ENABLE_STRICT_OBJC_MSGSEND = YES;
				ENABLE_USER_SCRIPT_SANDBOXING = YES;
				GCC_C_LANGUAGE_STANDARD = gnu17;
				GCC_NO_COMMON_BLOCKS = YES;
				GCC_WARN_64_TO_32_BIT_CONVERSION = YES;
				GCC_WARN_ABOUT_RETURN_TYPE = YES_ERROR;
				GCC_WARN_UNDECLARED_SELECTOR = YES;
				GCC_WARN_UNINITIALIZED_AUTOS = YES_AGGRESSIVE;
				GCC_WARN_UNUSED_FUNCTION = YES;
				GCC_WARN_UNUSED_VARIABLE = YES;
				IPHONEOS_DEPLOYMENT_TARGET = 18.2;
				LOCALIZATION_PREFERS_STRING_CATALOGS = YES;
				MTL_ENABLE_DEBUG_INFO = NO;
				MTL_FAST_MATH = YES;
				SDKROOT = iphoneos;
				SWIFT_COMPILATION_MODE = wholemodule;
				VALIDATE_PRODUCT = YES;
			};
			name = Release;
		};
		FB38725E2D3288C1006AF06F /* Debug */ = {
			isa = XCBuildConfiguration;
			buildSettings = {
				ASSETCATALOG_COMPILER_APPICON_NAME = AppIcon;
				ASSETCATALOG_COMPILER_GLOBAL_ACCENT_COLOR_NAME = AccentColor;
				CODE_SIGN_STYLE = Automatic;
				CURRENT_PROJECT_VERSION = 1;
				DEVELOPMENT_ASSET_PATHS = "\"Nacho/Preview Content\"";
				DEVELOPMENT_TEAM = 5S8S2QZ9WK;
				ENABLE_PREVIEWS = YES;
				GENERATE_INFOPLIST_FILE = YES;
				INFOPLIST_KEY_CFBundleDisplayName = NACHO;
				INFOPLIST_KEY_UIApplicationSceneManifest_Generation = YES;
				INFOPLIST_KEY_UIApplicationSupportsIndirectInputEvents = YES;
				INFOPLIST_KEY_UILaunchScreen_Generation = YES;
				INFOPLIST_KEY_UISupportedInterfaceOrientations = UIInterfaceOrientationPortrait;
				INFOPLIST_KEY_UISupportedInterfaceOrientations_iPad = "UIInterfaceOrientationLandscapeLeft UIInterfaceOrientationLandscapeRight UIInterfaceOrientationPortrait UIInterfaceOrientationPortraitUpsideDown";
				IPHONEOS_DEPLOYMENT_TARGET = 17.5;
				LD_RUNPATH_SEARCH_PATHS = (
					"$(inherited)",
					"@executable_path/Frameworks",
				);
				MARKETING_VERSION = 1.0;
				PRODUCT_BUNDLE_IDENTIFIER = com.pichukov.NachoTheKat;
				PRODUCT_NAME = NachoIos;
				SWIFT_EMIT_LOC_STRINGS = YES;
				SWIFT_VERSION = 5.0;
				TARGETED_DEVICE_FAMILY = "1,2";
			};
			name = Debug;
		};
		FB38725F2D3288C1006AF06F /* Release */ = {
			isa = XCBuildConfiguration;
			buildSettings = {
				ASSETCATALOG_COMPILER_APPICON_NAME = AppIcon;
				ASSETCATALOG_COMPILER_GLOBAL_ACCENT_COLOR_NAME = AccentColor;
				CODE_SIGN_STYLE = Automatic;
				CURRENT_PROJECT_VERSION = 1;
				DEVELOPMENT_ASSET_PATHS = "\"Nacho/Preview Content\"";
				DEVELOPMENT_TEAM = 5S8S2QZ9WK;
				ENABLE_PREVIEWS = YES;
				GENERATE_INFOPLIST_FILE = YES;
				INFOPLIST_KEY_CFBundleDisplayName = NACHO;
				INFOPLIST_KEY_UIApplicationSceneManifest_Generation = YES;
				INFOPLIST_KEY_UIApplicationSupportsIndirectInputEvents = YES;
				INFOPLIST_KEY_UILaunchScreen_Generation = YES;
				INFOPLIST_KEY_UISupportedInterfaceOrientations = UIInterfaceOrientationPortrait;
				INFOPLIST_KEY_UISupportedInterfaceOrientations_iPad = "UIInterfaceOrientationLandscapeLeft UIInterfaceOrientationLandscapeRight UIInterfaceOrientationPortrait UIInterfaceOrientationPortraitUpsideDown";
				IPHONEOS_DEPLOYMENT_TARGET = 17.5;
				LD_RUNPATH_SEARCH_PATHS = (
					"$(inherited)",
					"@executable_path/Frameworks",
				);
				MARKETING_VERSION = 1.0;
				PRODUCT_BUNDLE_IDENTIFIER = com.pichukov.NachoTheKat;
				PRODUCT_NAME = NachoIos;
				SWIFT_EMIT_LOC_STRINGS = YES;
				SWIFT_VERSION = 5.0;
				TARGETED_DEVICE_FAMILY = "1,2";
			};
			name = Release;
		};
		FB3872612D3288C1006AF06F /* Debug */ = {
			isa = XCBuildConfiguration;
			buildSettings = {
				BUNDLE_LOADER = "$(TEST_HOST)";
				CODE_SIGN_STYLE = Automatic;
				CURRENT_PROJECT_VERSION = 1;
				DEVELOPMENT_TEAM = 5S8S2QZ9WK;
				GENERATE_INFOPLIST_FILE = YES;
				IPHONEOS_DEPLOYMENT_TARGET = 17.6;
				MARKETING_VERSION = 1.0;
				PRODUCT_BUNDLE_IDENTIFIER = com.pichukov.NachoTests;
				PRODUCT_NAME = "$(TARGET_NAME)";
				SWIFT_EMIT_LOC_STRINGS = NO;
				SWIFT_VERSION = 5.0;
				TARGETED_DEVICE_FAMILY = "1,2";
				TEST_HOST = "$(BUILT_PRODUCTS_DIR)/Nacho.app/$(BUNDLE_EXECUTABLE_FOLDER_PATH)/Nacho";
			};
			name = Debug;
		};
		FB3872622D3288C1006AF06F /* Release */ = {
			isa = XCBuildConfiguration;
			buildSettings = {
				BUNDLE_LOADER = "$(TEST_HOST)";
				CODE_SIGN_STYLE = Automatic;
				CURRENT_PROJECT_VERSION = 1;
				DEVELOPMENT_TEAM = 5S8S2QZ9WK;
				GENERATE_INFOPLIST_FILE = YES;
				IPHONEOS_DEPLOYMENT_TARGET = 17.6;
				MARKETING_VERSION = 1.0;
				PRODUCT_BUNDLE_IDENTIFIER = com.pichukov.NachoTests;
				PRODUCT_NAME = "$(TARGET_NAME)";
				SWIFT_EMIT_LOC_STRINGS = NO;
				SWIFT_VERSION = 5.0;
				TARGETED_DEVICE_FAMILY = "1,2";
				TEST_HOST = "$(BUILT_PRODUCTS_DIR)/Nacho.app/$(BUNDLE_EXECUTABLE_FOLDER_PATH)/Nacho";
			};
			name = Release;
		};
/* End XCBuildConfiguration section */

/* Begin XCConfigurationList section */
		FB3872322D3288BF006AF06F /* Build configuration list for PBXProject "Nacho" */ = {
			isa = XCConfigurationList;
			buildConfigurations = (
				FB38725B2D3288C1006AF06F /* Debug */,
				FB38725C2D3288C1006AF06F /* Release */,
			);
			defaultConfigurationIsVisible = 0;
			defaultConfigurationName = Release;
		};
		FB38725D2D3288C1006AF06F /* Build configuration list for PBXNativeTarget "Nacho" */ = {
			isa = XCConfigurationList;
			buildConfigurations = (
				FB38725E2D3288C1006AF06F /* Debug */,
				FB38725F2D3288C1006AF06F /* Release */,
			);
			defaultConfigurationIsVisible = 0;
			defaultConfigurationName = Release;
		};
		FB3872602D3288C1006AF06F /* Build configuration list for PBXNativeTarget "NachoTests" */ = {
			isa = XCConfigurationList;
			buildConfigurations = (
				FB3872612D3288C1006AF06F /* Debug */,
				FB3872622D3288C1006AF06F /* Release */,
			);
			defaultConfigurationIsVisible = 0;
			defaultConfigurationName = Release;
		};
/* End XCConfigurationList section */

/* Begin XCRemoteSwiftPackageReference section */
		FB3872922D329F20006AF06F /* XCRemoteSwiftPackageReference "Alamofire" */ = {
			isa = XCRemoteSwiftPackageReference;
			repositoryURL = "https://github.com/Alamofire/Alamofire.git";
			requirement = {
				kind = upToNextMajorVersion;
				minimumVersion = 5.10.2;
			};
		};
		FB6DC2612D3AEE8F00A39DB3 /* XCRemoteSwiftPackageReference "swiftui-cached-async-image" */ = {
			isa = XCRemoteSwiftPackageReference;
			repositoryURL = "https://github.com/lorenzofiamingo/swiftui-cached-async-image";
			requirement = {
				kind = upToNextMajorVersion;
				minimumVersion = 2.1.1;
			};
		};
		FBC660462D4186B9008341B1 /* XCRemoteSwiftPackageReference "SwiftEntryKit" */ = {
			isa = XCRemoteSwiftPackageReference;
			repositoryURL = "https://github.com/huri000/SwiftEntryKit.git";
			requirement = {
				kind = upToNextMajorVersion;
				minimumVersion = 2.0.0;
			};
		};
		FBC6604C2D421337008341B1 /* XCRemoteSwiftPackageReference "Vortex" */ = {
			isa = XCRemoteSwiftPackageReference;
			repositoryURL = "https://github.com/twostraws/Vortex";
			requirement = {
				kind = upToNextMajorVersion;
				minimumVersion = 1.0.1;
			};
		};
/* End XCRemoteSwiftPackageReference section */

/* Begin XCSwiftPackageProductDependency section */
		FB3872992D329F8F006AF06F /* Alamofire */ = {
			isa = XCSwiftPackageProductDependency;
			package = FB3872922D329F20006AF06F /* XCRemoteSwiftPackageReference "Alamofire" */;
			productName = Alamofire;
		};
		FB6DC2622D3AEF3E00A39DB3 /* CachedAsyncImage */ = {
			isa = XCSwiftPackageProductDependency;
			package = FB6DC2612D3AEE8F00A39DB3 /* XCRemoteSwiftPackageReference "swiftui-cached-async-image" */;
			productName = CachedAsyncImage;
		};
		FBC660472D4186C0008341B1 /* SwiftEntryKit */ = {
			isa = XCSwiftPackageProductDependency;
			package = FBC660462D4186B9008341B1 /* XCRemoteSwiftPackageReference "SwiftEntryKit" */;
			productName = SwiftEntryKit;
		};
		FBC6604D2D421342008341B1 /* Vortex */ = {
			isa = XCSwiftPackageProductDependency;
			package = FBC6604C2D421337008341B1 /* XCRemoteSwiftPackageReference "Vortex" */;
			productName = Vortex;
		};
/* End XCSwiftPackageProductDependency section */
	};
	rootObject = FB38722F2D3288BF006AF06F /* Project object */;
}
